
Microsoft Visual Studio Solution File, Format Version 12.00
# Visual Studio 15
VisualStudioVersion = 15.0.26730.16
MinimumVisualStudioVersion = 10.0.40219.1
Project("{D954291E-2A0B-460D-934E-DC6B0785DB48}") = "FolkTickets", "FolkTickets\FolkTickets\FolkTickets.shproj", "{6E9E2EDB-69F1-4B40-A444-00C1D67C3CF4}"
EndProject
Project("{FAE04EC0-301F-11D3-BF4B-00C04F79EFBC}") = "FolkTickets.Android", "FolkTickets\FolkTickets.Android\FolkTickets.Android.csproj", "{3B7B608F-BE7A-458D-866C-DAFA83CC4980}"
EndProject
Project("{FAE04EC0-301F-11D3-BF4B-00C04F79EFBC}") = "WooCommerceNET", "..\WooCommerce.NET\WooCommerceNET.csproj", "{63DDA1FE-3011-4700-A0F4-78E2358B330F}"
EndProject
Project("{FAE04EC0-301F-11D3-BF4B-00C04F79EFBC}") = "WooCommerceNET.Test", "WooCommerceNET.Test\WooCommerceNET.Test.csproj", "{0000C053-113B-4CE5-8F72-11C163152940}"
EndProject
Project("{2150E333-8FDC-42A3-9474-1A3956D46DE8}") = "Solution Items", "Solution Items", "{C98D7EB1-A72F-48CD-8FFD-6CD93F087120}"
	ProjectSection(SolutionItems) = preProject
		LICENSE = LICENSE
		PrivacyPolicy.md = PrivacyPolicy.md
		README.md = README.md
	EndProjectSection
EndProject
Global
	GlobalSection(SharedMSBuildProjectFiles) = preSolution
		FolkTickets\FolkTickets\FolkTickets.projitems*{3b7b608f-be7a-458d-866c-dafa83cc4980}*SharedItemsImports = 4
		FolkTickets\FolkTickets\FolkTickets.projitems*{6e9e2edb-69f1-4b40-a444-00c1d67c3cf4}*SharedItemsImports = 13
	EndGlobalSection
	GlobalSection(SolutionConfigurationPlatforms) = preSolution
		Ad-Hoc|Any CPU = Ad-Hoc|Any CPU
		Ad-Hoc|iPhone = Ad-Hoc|iPhone
		Ad-Hoc|iPhoneSimulator = Ad-Hoc|iPhoneSimulator
		AppStore|Any CPU = AppStore|Any CPU
		AppStore|iPhone = AppStore|iPhone
		AppStore|iPhoneSimulator = AppStore|iPhoneSimulator
		Debug|Any CPU = Debug|Any CPU
		Debug|iPhone = Debug|iPhone
		Debug|iPhoneSimulator = Debug|iPhoneSimulator
		Release|Any CPU = Release|Any CPU
		Release|iPhone = Release|iPhone
		Release|iPhoneSimulator = Release|iPhoneSimulator
	EndGlobalSection
	GlobalSection(ProjectConfigurationPlatforms) = postSolution
		{3B7B608F-BE7A-458D-866C-DAFA83CC4980}.Ad-Hoc|Any CPU.ActiveCfg = Release|Any CPU
		{3B7B608F-BE7A-458D-866C-DAFA83CC4980}.Ad-Hoc|Any CPU.Build.0 = Release|Any CPU
		{3B7B608F-BE7A-458D-866C-DAFA83CC4980}.Ad-Hoc|Any CPU.Deploy.0 = Release|Any CPU
		{3B7B608F-BE7A-458D-866C-DAFA83CC4980}.Ad-Hoc|iPhone.ActiveCfg = Release|Any CPU
		{3B7B608F-BE7A-458D-866C-DAFA83CC4980}.Ad-Hoc|iPhone.Build.0 = Release|Any CPU
		{3B7B608F-BE7A-458D-866C-DAFA83CC4980}.Ad-Hoc|iPhone.Deploy.0 = Release|Any CPU
		{3B7B608F-BE7A-458D-866C-DAFA83CC4980}.Ad-Hoc|iPhoneSimulator.ActiveCfg = Release|Any CPU
		{3B7B608F-BE7A-458D-866C-DAFA83CC4980}.Ad-Hoc|iPhoneSimulator.Build.0 = Release|Any CPU
		{3B7B608F-BE7A-458D-866C-DAFA83CC4980}.Ad-Hoc|iPhoneSimulator.Deploy.0 = Release|Any CPU
		{3B7B608F-BE7A-458D-866C-DAFA83CC4980}.AppStore|Any CPU.ActiveCfg = Release|Any CPU
		{3B7B608F-BE7A-458D-866C-DAFA83CC4980}.AppStore|Any CPU.Build.0 = Release|Any CPU
		{3B7B608F-BE7A-458D-866C-DAFA83CC4980}.AppStore|Any CPU.Deploy.0 = Release|Any CPU
		{3B7B608F-BE7A-458D-866C-DAFA83CC4980}.AppStore|iPhone.ActiveCfg = Release|Any CPU
		{3B7B608F-BE7A-458D-866C-DAFA83CC4980}.AppStore|iPhone.Build.0 = Release|Any CPU
		{3B7B608F-BE7A-458D-866C-DAFA83CC4980}.AppStore|iPhone.Deploy.0 = Release|Any CPU
		{3B7B608F-BE7A-458D-866C-DAFA83CC4980}.AppStore|iPhoneSimulator.ActiveCfg = Release|Any CPU
		{3B7B608F-BE7A-458D-866C-DAFA83CC4980}.AppStore|iPhoneSimulator.Build.0 = Release|Any CPU
		{3B7B608F-BE7A-458D-866C-DAFA83CC4980}.AppStore|iPhoneSimulator.Deploy.0 = Release|Any CPU
		{3B7B608F-BE7A-458D-866C-DAFA83CC4980}.Debug|Any CPU.ActiveCfg = Debug|Any CPU
		{3B7B608F-BE7A-458D-866C-DAFA83CC4980}.Debug|Any CPU.Build.0 = Debug|Any CPU
		{3B7B608F-BE7A-458D-866C-DAFA83CC4980}.Debug|Any CPU.Deploy.0 = Debug|Any CPU
		{3B7B608F-BE7A-458D-866C-DAFA83CC4980}.Debug|iPhone.ActiveCfg = Debug|Any CPU
		{3B7B608F-BE7A-458D-866C-DAFA83CC4980}.Debug|iPhone.Build.0 = Debug|Any CPU
		{3B7B608F-BE7A-458D-866C-DAFA83CC4980}.Debug|iPhone.Deploy.0 = Debug|Any CPU
		{3B7B608F-BE7A-458D-866C-DAFA83CC4980}.Debug|iPhoneSimulator.ActiveCfg = Debug|Any CPU
		{3B7B608F-BE7A-458D-866C-DAFA83CC4980}.Debug|iPhoneSimulator.Build.0 = Debug|Any CPU
		{3B7B608F-BE7A-458D-866C-DAFA83CC4980}.Debug|iPhoneSimulator.Deploy.0 = Debug|Any CPU
		{3B7B608F-BE7A-458D-866C-DAFA83CC4980}.Release|Any CPU.ActiveCfg = Release|Any CPU
		{3B7B608F-BE7A-458D-866C-DAFA83CC4980}.Release|Any CPU.Build.0 = Release|Any CPU
		{3B7B608F-BE7A-458D-866C-DAFA83CC4980}.Release|Any CPU.Deploy.0 = Release|Any CPU
		{3B7B608F-BE7A-458D-866C-DAFA83CC4980}.Release|iPhone.ActiveCfg = Release|Any CPU
		{3B7B608F-BE7A-458D-866C-DAFA83CC4980}.Release|iPhone.Build.0 = Release|Any CPU
		{3B7B608F-BE7A-458D-866C-DAFA83CC4980}.Release|iPhone.Deploy.0 = Release|Any CPU
		{3B7B608F-BE7A-458D-866C-DAFA83CC4980}.Release|iPhoneSimulator.ActiveCfg = Release|Any CPU
		{3B7B608F-BE7A-458D-866C-DAFA83CC4980}.Release|iPhoneSimulator.Build.0 = Release|Any CPU
		{3B7B608F-BE7A-458D-866C-DAFA83CC4980}.Release|iPhoneSimulator.Deploy.0 = Release|Any CPU
		{63DDA1FE-3011-4700-A0F4-78E2358B330F}.Ad-Hoc|Any CPU.ActiveCfg = Release|Any CPU
		{63DDA1FE-3011-4700-A0F4-78E2358B330F}.Ad-Hoc|Any CPU.Build.0 = Release|Any CPU
		{63DDA1FE-3011-4700-A0F4-78E2358B330F}.Ad-Hoc|iPhone.ActiveCfg = Release|Any CPU
		{63DDA1FE-3011-4700-A0F4-78E2358B330F}.Ad-Hoc|iPhone.Build.0 = Release|Any CPU
		{63DDA1FE-3011-4700-A0F4-78E2358B330F}.Ad-Hoc|iPhoneSimulator.ActiveCfg = Release|Any CPU
		{63DDA1FE-3011-4700-A0F4-78E2358B330F}.Ad-Hoc|iPhoneSimulator.Build.0 = Release|Any CPU
		{63DDA1FE-3011-4700-A0F4-78E2358B330F}.AppStore|Any CPU.ActiveCfg = Release|Any CPU
		{63DDA1FE-3011-4700-A0F4-78E2358B330F}.AppStore|Any CPU.Build.0 = Release|Any CPU
		{63DDA1FE-3011-4700-A0F4-78E2358B330F}.AppStore|iPhone.ActiveCfg = Release|Any CPU
		{63DDA1FE-3011-4700-A0F4-78E2358B330F}.AppStore|iPhone.Build.0 = Release|Any CPU
		{63DDA1FE-3011-4700-A0F4-78E2358B330F}.AppStore|iPhoneSimulator.ActiveCfg = Release|Any CPU
		{63DDA1FE-3011-4700-A0F4-78E2358B330F}.AppStore|iPhoneSimulator.Build.0 = Release|Any CPU
		{63DDA1FE-3011-4700-A0F4-78E2358B330F}.Debug|Any CPU.ActiveCfg = Debug|Any CPU
		{63DDA1FE-3011-4700-A0F4-78E2358B330F}.Debug|Any CPU.Build.0 = Debug|Any CPU
		{63DDA1FE-3011-4700-A0F4-78E2358B330F}.Debug|iPhone.ActiveCfg = Debug|Any CPU
		{63DDA1FE-3011-4700-A0F4-78E2358B330F}.Debug|iPhone.Build.0 = Debug|Any CPU
		{63DDA1FE-3011-4700-A0F4-78E2358B330F}.Debug|iPhoneSimulator.ActiveCfg = Debug|Any CPU
		{63DDA1FE-3011-4700-A0F4-78E2358B330F}.Debug|iPhoneSimulator.Build.0 = Debug|Any CPU
		{63DDA1FE-3011-4700-A0F4-78E2358B330F}.Release|Any CPU.ActiveCfg = Release|Any CPU
		{63DDA1FE-3011-4700-A0F4-78E2358B330F}.Release|Any CPU.Build.0 = Release|Any CPU
		{63DDA1FE-3011-4700-A0F4-78E2358B330F}.Release|iPhone.ActiveCfg = Release|Any CPU
		{63DDA1FE-3011-4700-A0F4-78E2358B330F}.Release|iPhone.Build.0 = Release|Any CPU
		{63DDA1FE-3011-4700-A0F4-78E2358B330F}.Release|iPhoneSimulator.ActiveCfg = Release|Any CPU
		{63DDA1FE-3011-4700-A0F4-78E2358B330F}.Release|iPhoneSimulator.Build.0 = Release|Any CPU
		{0000C053-113B-4CE5-8F72-11C163152940}.Ad-Hoc|Any CPU.ActiveCfg = Release|Any CPU
		{0000C053-113B-4CE5-8F72-11C163152940}.Ad-Hoc|Any CPU.Build.0 = Release|Any CPU
		{0000C053-113B-4CE5-8F72-11C163152940}.Ad-Hoc|iPhone.ActiveCfg = Release|Any CPU
		{0000C053-113B-4CE5-8F72-11C163152940}.Ad-Hoc|iPhone.Build.0 = Release|Any CPU
		{0000C053-113B-4CE5-8F72-11C163152940}.Ad-Hoc|iPhoneSimulator.ActiveCfg = Release|Any CPU
		{0000C053-113B-4CE5-8F72-11C163152940}.Ad-Hoc|iPhoneSimulator.Build.0 = Release|Any CPU
		{0000C053-113B-4CE5-8F72-11C163152940}.AppStore|Any CPU.ActiveCfg = Release|Any CPU
		{0000C053-113B-4CE5-8F72-11C163152940}.AppStore|Any CPU.Build.0 = Release|Any CPU
		{0000C053-113B-4CE5-8F72-11C163152940}.AppStore|iPhone.ActiveCfg = Release|Any CPU
		{0000C053-113B-4CE5-8F72-11C163152940}.AppStore|iPhone.Build.0 = Release|Any CPU
		{0000C053-113B-4CE5-8F72-11C163152940}.AppStore|iPhoneSimulator.ActiveCfg = Release|Any CPU
		{0000C053-113B-4CE5-8F72-11C163152940}.AppStore|iPhoneSimulator.Build.0 = Release|Any CPU
		{0000C053-113B-4CE5-8F72-11C163152940}.Debug|Any CPU.ActiveCfg = Debug|Any CPU
		{0000C053-113B-4CE5-8F72-11C163152940}.Debug|Any CPU.Build.0 = Debug|Any CPU
		{0000C053-113B-4CE5-8F72-11C163152940}.Debug|iPhone.ActiveCfg = Debug|Any CPU
		{0000C053-113B-4CE5-8F72-11C163152940}.Debug|iPhone.Build.0 = Debug|Any CPU
		{0000C053-113B-4CE5-8F72-11C163152940}.Debug|iPhoneSimulator.ActiveCfg = Debug|Any CPU
		{0000C053-113B-4CE5-8F72-11C163152940}.Debug|iPhoneSimulator.Build.0 = Debug|Any CPU
		{0000C053-113B-4CE5-8F72-11C163152940}.Release|Any CPU.ActiveCfg = Release|Any CPU
		{0000C053-113B-4CE5-8F72-11C163152940}.Release|Any CPU.Build.0 = Release|Any CPU
		{0000C053-113B-4CE5-8F72-11C163152940}.Release|iPhone.ActiveCfg = Release|Any CPU
		{0000C053-113B-4CE5-8F72-11C163152940}.Release|iPhone.Build.0 = Release|Any CPU
		{0000C053-113B-4CE5-8F72-11C163152940}.Release|iPhoneSimulator.ActiveCfg = Release|Any CPU
		{0000C053-113B-4CE5-8F72-11C163152940}.Release|iPhoneSimulator.Build.0 = Release|Any CPU
	EndGlobalSection
	GlobalSection(SolutionProperties) = preSolution
		HideSolutionNode = FALSE
	EndGlobalSection
	GlobalSection(ExtensibilityGlobals) = postSolution
		SolutionGuid = {FC26C189-3EA7-4F7B-A4EE-04628DBB3D86}
	EndGlobalSection
EndGlobal
